
Microsoft Visual Studio Solution File, Format Version 12.00
# Visual Studio Version 16
VisualStudioVersion = 16.0.31911.196
MinimumVisualStudioVersion = 10.0.40219.1
Project("{9A19103F-16F7-4668-BE54-9A1E7A4F7556}") = "zrak", "zrak\zrak.csproj", "{DCE0E570-B086-4030-B99E-D304A4426FF6}"
EndProject
Project("{FAE04EC0-301F-11D3-BF4B-00C04F79EFBC}") = "zrak.Test", "zrak.Test\zrak.Test.csproj", "{479A528C-1118-47C9-926E-D8F32DE67544}"
EndProject
Global
	GlobalSection(SolutionConfigurationPlatforms) = preSolution
		Debug|Any CPU = Debug|Any CPU
		Release|Any CPU = Release|Any CPU
	EndGlobalSection
	GlobalSection(ProjectConfigurationPlatforms) = postSolution
		{DCE0E570-B086-4030-B99E-D304A4426FF6}.Debug|Any CPU.ActiveCfg = Debug|Any CPU
		{DCE0E570-B086-4030-B99E-D304A4426FF6}.Debug|Any CPU.Build.0 = Debug|Any CPU
		{DCE0E570-B086-4030-B99E-D304A4426FF6}.Release|Any CPU.ActiveCfg = Release|Any CPU
		{DCE0E570-B086-4030-B99E-D304A4426FF6}.Release|Any CPU.Build.0 = Release|Any CPU
		{479A528C-1118-47C9-926E-D8F32DE67544}.Debug|Any CPU.ActiveCfg = Debug|Any CPU
		{479A528C-1118-47C9-926E-D8F32DE67544}.Debug|Any CPU.Build.0 = Debug|Any CPU
		{479A528C-1118-47C9-926E-D8F32DE67544}.Release|Any CPU.ActiveCfg = Release|Any CPU
		{479A528C-1118-47C9-926E-D8F32DE67544}.Release|Any CPU.Build.0 = Release|Any CPU
	EndGlobalSection
	GlobalSection(SolutionProperties) = preSolution
		HideSolutionNode = FALSE
	EndGlobalSection
	GlobalSection(ExtensibilityGlobals) = postSolution
		SolutionGuid = {44EC1EF6-C5DC-40F1-A8D5-052C5973650F}
	EndGlobalSection
EndGlobal
